<?xml version="1.0" encoding="utf-8"?>
<Project ToolsVersion="4.0" xmlns="http://schemas.microsoft.com/developer/msbuild/2003">
  <ItemGroup>
    <Filter Include="Source Files">
      <UniqueIdentifier>{4FC737F1-C7A5-4376-A066-2A32D752A2FF}</UniqueIdentifier>
      <Extensions>cpp;c;cc;cxx;def;odl;idl;hpj;bat;asm;asmx</Extensions>
    </Filter>
    <Filter Include="Header Files">
      <UniqueIdentifier>{93995380-89BD-4b04-88EB-625FBE52EBFB}</UniqueIdentifier>
      <Extensions>h;hh;hpp;hxx;hm;inl;inc;xsd</Extensions>
    </Filter>
    <Filter Include="Resource Files">
      <UniqueIdentifier>{67DA6AB6-F800-4c08-8B7A-83BB121AAD01}</UniqueIdentifier>
      <Extensions>qrc;rc;ico;cur;bmp;dlg;rc2;rct;bin;rgs;gif;jpg;jpeg;jpe;resx;tiff;tif;png;wav;mfcribbon-ms</Extensions>
    </Filter>
    <Filter Include="Form Files">
      <UniqueIdentifier>{99349809-55BA-4b9d-BF79-8FDBB0286EB3}</UniqueIdentifier>
      <Extensions>ui</Extensions>
    </Filter>
    <Filter Include="Translation Files">
      <UniqueIdentifier>{639EADAA-A684-42e4-A9AD-28FC9BCB8F7C}</UniqueIdentifier>
      <Extensions>ts</Extensions>
    </Filter>
    <Filter Include="Source Files\view">
      <UniqueIdentifier>{605b579d-d227-4b23-987e-8476d6a21e91}</UniqueIdentifier>
    </Filter>
    <Filter Include="Header Files\view">
      <UniqueIdentifier>{4a0ebaf0-5943-4e68-88a3-a7d504eca5ee}</UniqueIdentifier>
    </Filter>
    <Filter Include="Header Files\common">
      <UniqueIdentifier>{5c33229d-e236-4550-bea8-e8edae82c778}</UniqueIdentifier>
    </Filter>
    <Filter Include="Source Files\app">
      <UniqueIdentifier>{ed449682-0628-472e-8471-3a5b6fadf6f6}</UniqueIdentifier>
    </Filter>
    <Filter Include="Header Files\app">
      <UniqueIdentifier>{377dd93e-d5b2-436b-bc76-9d55fc270dc2}</UniqueIdentifier>
    </Filter>
    <Filter Include="Source Files\common">
      <UniqueIdentifier>{8f88b3ec-a5c6-4ce4-92a5-53f0d82446ac}</UniqueIdentifier>
    </Filter>
    <Filter Include="Header Files\model">
      <UniqueIdentifier>{74da65dd-1963-426f-904e-631629df9416}</UniqueIdentifier>
    </Filter>
    <Filter Include="Source Files\model">
      <UniqueIdentifier>{5f310edc-ab77-4402-8a8a-363e079d625a}</UniqueIdentifier>
    </Filter>
    <Filter Include="Source Files\viewmodel">
      <UniqueIdentifier>{fe03fe85-8c2a-4b59-80fd-ff7a27053304}</UniqueIdentifier>
    </Filter>
    <Filter Include="Header Files\viewmodel">
      <UniqueIdentifier>{3237c556-126f-4a10-b132-9da670ea3f78}</UniqueIdentifier>
    </Filter>
  </ItemGroup>
  <ItemGroup>
    <QtRcc Include="..\view\view.qrc">
      <Filter>Resource Files</Filter>
    </QtRcc>
  </ItemGroup>
  <ItemGroup>
    <QtMoc Include="..\view\view.h">
      <Filter>Header Files\view</Filter>
    </QtMoc>
  </ItemGroup>
  <ItemGroup>
    <ClInclude Include="..\common\def.h">
      <Filter>Header Files\common</Filter>
    </ClInclude>
    <ClInclude Include="..\app\app.h">
      <Filter>Header Files\app</Filter>
    </ClInclude>
    <ClInclude Include="..\common\stylesheet.h">
      <Filter>Header Files\view</Filter>
    </ClInclude>
    <ClInclude Include="..\viewmodel\viewmodel.h">
      <Filter>Header Files\viewmodel</Filter>
    </ClInclude>
    <ClInclude Include="..\model\model.h">
      <Filter>Header Files\model</Filter>
    </ClInclude>
    <ClInclude Include="..\common\event.h">
      <Filter>Header Files\common</Filter>
    </ClInclude>
  </ItemGroup>
  <ItemGroup>
    <ClCompile Include="..\view\view.cpp">
      <Filter>Source Files\view</Filter>
    </ClCompile>
    <ClCompile Include="..\main.cpp">
      <Filter>Source Files</Filter>
    </ClCompile>
    <ClCompile Include="..\app\app.cpp">
      <Filter>Source Files\app</Filter>
    </ClCompile>
    <ClCompile Include="..\common\stylesheet.cpp">
      <Filter>Source Files\view</Filter>
    </ClCompile>
    <ClCompile Include="..\viewmodel\viewmodel.cpp">
      <Filter>Source Files\viewmodel</Filter>
    </ClCompile>
    <ClCompile Include="..\model\model.cpp">
      <Filter>Source Files\model</Filter>
    </ClCompile>
    <ClCompile Include="..\common\event.cpp">
      <Filter>Source Files\common</Filter>
    </ClCompile>
  </ItemGroup>
  <ItemGroup>
    <QtUic Include="..\view\view.ui">
      <Filter>Form Files</Filter>
    </QtUic>
  </ItemGroup>
</Project>